{
  "name": "thai-check-typo",
  "version": "1.0.0",
  "lockfileVersion": 1,
  "requires": true,
  "dependencies": {
    "trie-prefix-tree": {
      "version": "1.5.1",
      "resolved": "https://registry.npmjs.org/trie-prefix-tree/-/trie-prefix-tree-1.5.1.tgz",
      "integrity": "sha512-Jjvj/dA97wXnabG/NLJUgo4IQMj6vucH+Qxm7of/omfWSmZlPqdRU6Ta4GmQqCZH+n3/iYZUwfvUoEhB0Hs83Q=="
    },
    "word-break": {
      "version": "0.0.4",
      "resolved": "https://registry.npmjs.org/word-break/-/word-break-0.0.4.tgz",
      "integrity": "sha512-TknRHn56x3w4XB0oaUwEqmy6PI06SyYCvwjoRREi9EJX5vNIobDXaPV9tQ5mdPkRWlpHfvX+JCqPpdtvCyX+jw=="
    }
  }
}
